// !$*UTF8*$!
{
	archiveVersion = 1;
	classes = {
	};
	objectVersion = 50;
	objects = {

/* Begin PBXBuildFile section */
		50167C30256CB4710021713E /* ToAutoLayout.swift in Sources */ = {isa = PBXBuildFile; fileRef = 50167C2F256CB4710021713E /* ToAutoLayout.swift */; };
		50167C33256CB4E80021713E /* ProgressCollectionViewCell.swift in Sources */ = {isa = PBXBuildFile; fileRef = 50167C32256CB4E80021713E /* ProgressCollectionViewCell.swift */; };
		50167C36256CB4FD0021713E /* HabitCollectionViewCell.swift in Sources */ = {isa = PBXBuildFile; fileRef = 50167C35256CB4FD0021713E /* HabitCollectionViewCell.swift */; };
		505C4E2C256E04B100AC4B1E /* HabitDetailsViewController.swift in Sources */ = {isa = PBXBuildFile; fileRef = 505C4E2B256E04B100AC4B1E /* HabitDetailsViewController.swift */; };
		505C4E2F256E392400AC4B1E /* Colors.swift in Sources */ = {isa = PBXBuildFile; fileRef = 505C4E2E256E392400AC4B1E /* Colors.swift */; };
		50C29C9025539FCF00444079 /* AppDelegate.swift in Sources */ = {isa = PBXBuildFile; fileRef = 50C29C8F25539FCF00444079 /* AppDelegate.swift */; };
		50C29C9225539FCF00444079 /* SceneDelegate.swift in Sources */ = {isa = PBXBuildFile; fileRef = 50C29C9125539FCF00444079 /* SceneDelegate.swift */; };
		50C29C9725539FCF00444079 /* Main.storyboard in Resources */ = {isa = PBXBuildFile; fileRef = 50C29C9525539FCF00444079 /* Main.storyboard */; };
		50C29C9925539FD400444079 /* Assets.xcassets in Resources */ = {isa = PBXBuildFile; fileRef = 50C29C9825539FD400444079 /* Assets.xcassets */; };
		50C29C9C25539FD400444079 /* LaunchScreen.storyboard in Resources */ = {isa = PBXBuildFile; fileRef = 50C29C9A25539FD400444079 /* LaunchScreen.storyboard */; };
		50C29CA62553A8DB00444079 /* HabitsStore.swift in Sources */ = {isa = PBXBuildFile; fileRef = 50C29CA52553A8DB00444079 /* HabitsStore.swift */; };
		50CB4DF42553D2420070DFE8 /* HabitsViewController.swift in Sources */ = {isa = PBXBuildFile; fileRef = 50CB4DF32553D2410070DFE8 /* HabitsViewController.swift */; };
		50CB4DF82553D6530070DFE8 /* HabitViewController.swift in Sources */ = {isa = PBXBuildFile; fileRef = 50CB4DF72553D6530070DFE8 /* HabitViewController.swift */; };
/* End PBXBuildFile section */

/* Begin PBXFileReference section */
		50167C2F256CB4710021713E /* ToAutoLayout.swift */ = {isa = PBXFileReference; lastKnownFileType = sourcecode.swift; path = ToAutoLayout.swift; sourceTree = "<group>"; };
		50167C32256CB4E80021713E /* ProgressCollectionViewCell.swift */ = {isa = PBXFileReference; lastKnownFileType = sourcecode.swift; path = ProgressCollectionViewCell.swift; sourceTree = "<group>"; };
		50167C35256CB4FD0021713E /* HabitCollectionViewCell.swift */ = {isa = PBXFileReference; lastKnownFileType = sourcecode.swift; path = HabitCollectionViewCell.swift; sourceTree = "<group>"; };
		505C4E2B256E04B100AC4B1E /* HabitDetailsViewController.swift */ = {isa = PBXFileReference; lastKnownFileType = sourcecode.swift; path = HabitDetailsViewController.swift; sourceTree = "<group>"; };
		505C4E2E256E392400AC4B1E /* Colors.swift */ = {isa = PBXFileReference; lastKnownFileType = sourcecode.swift; path = Colors.swift; sourceTree = "<group>"; };
		50C29C8C25539FCF00444079 /* MyHabits.app */ = {isa = PBXFileReference; explicitFileType = wrapper.application; includeInIndex = 0; path = MyHabits.app; sourceTree = BUILT_PRODUCTS_DIR; };
		50C29C8F25539FCF00444079 /* AppDelegate.swift */ = {isa = PBXFileReference; lastKnownFileType = sourcecode.swift; path = AppDelegate.swift; sourceTree = "<group>"; };
		50C29C9125539FCF00444079 /* SceneDelegate.swift */ = {isa = PBXFileReference; lastKnownFileType = sourcecode.swift; path = SceneDelegate.swift; sourceTree = "<group>"; };
		50C29C9625539FCF00444079 /* Base */ = {isa = PBXFileReference; lastKnownFileType = file.storyboard; name = Base; path = Base.lproj/Main.storyboard; sourceTree = "<group>"; };
		50C29C9825539FD400444079 /* Assets.xcassets */ = {isa = PBXFileReference; lastKnownFileType = folder.assetcatalog; path = Assets.xcassets; sourceTree = "<group>"; };
		50C29C9B25539FD400444079 /* Base */ = {isa = PBXFileReference; lastKnownFileType = file.storyboard; name = Base; path = Base.lproj/LaunchScreen.storyboard; sourceTree = "<group>"; };
		50C29C9D25539FD400444079 /* Info.plist */ = {isa = PBXFileReference; lastKnownFileType = text.plist.xml; path = Info.plist; sourceTree = "<group>"; };
		50C29CA52553A8DB00444079 /* HabitsStore.swift */ = {isa = PBXFileReference; fileEncoding = 4; lastKnownFileType = sourcecode.swift; path = HabitsStore.swift; sourceTree = "<group>"; };
		50CB4DF32553D2410070DFE8 /* HabitsViewController.swift */ = {isa = PBXFileReference; lastKnownFileType = sourcecode.swift; path = HabitsViewController.swift; sourceTree = "<group>"; };
		50CB4DF72553D6530070DFE8 /* HabitViewController.swift */ = {isa = PBXFileReference; lastKnownFileType = sourcecode.swift; path = HabitViewController.swift; sourceTree = "<group>"; };
/* End PBXFileReference section */

/* Begin PBXFrameworksBuildPhase section */
		50C29C8925539FCF00444079 /* Frameworks */ = {
			isa = PBXFrameworksBuildPhase;
			buildActionMask = 2147483647;
			files = (
			);
			runOnlyForDeploymentPostprocessing = 0;
		};
/* End PBXFrameworksBuildPhase section */

/* Begin PBXGroup section */
		50167C38256CB5060021713E /* CollectionViewCells */ = {
			isa = PBXGroup;
			children = (
				50167C32256CB4E80021713E /* ProgressCollectionViewCell.swift */,
				50167C35256CB4FD0021713E /* HabitCollectionViewCell.swift */,
			);
			path = CollectionViewCells;
			sourceTree = "<group>";
		};
		505C4E28256E044400AC4B1E /* ViewControllers */ = {
			isa = PBXGroup;
			children = (
				50CB4DF32553D2410070DFE8 /* HabitsViewController.swift */,
				50CB4DF72553D6530070DFE8 /* HabitViewController.swift */,
				505C4E2B256E04B100AC4B1E /* HabitDetailsViewController.swift */,
			);
			path = ViewControllers;
			sourceTree = "<group>";
		};
		505C4E29256E046200AC4B1E /* Helpers */ = {
			isa = PBXGroup;
			children = (
				50167C2F256CB4710021713E /* ToAutoLayout.swift */,
				505C4E2E256E392400AC4B1E /* Colors.swift */,
			);
			path = Helpers;
			sourceTree = "<group>";
		};
		50C29C8325539FCF00444079 = {
			isa = PBXGroup;
			children = (
				50C29C8E25539FCF00444079 /* MyHabits */,
				50C29C8D25539FCF00444079 /* Products */,
			);
			sourceTree = "<group>";
		};
		50C29C8D25539FCF00444079 /* Products */ = {
			isa = PBXGroup;
			children = (
				50C29C8C25539FCF00444079 /* MyHabits.app */,
			);
			name = Products;
			sourceTree = "<group>";
		};
		50C29C8E25539FCF00444079 /* MyHabits */ = {
			isa = PBXGroup;
			children = (
				50C29C8F25539FCF00444079 /* AppDelegate.swift */,
				50C29C9125539FCF00444079 /* SceneDelegate.swift */,
				50C29C9525539FCF00444079 /* Main.storyboard */,
				505C4E28256E044400AC4B1E /* ViewControllers */,
				505C4E29256E046200AC4B1E /* Helpers */,
				50167C38256CB5060021713E /* CollectionViewCells */,
				50C29C9825539FD400444079 /* Assets.xcassets */,
				50C29C9A25539FD400444079 /* LaunchScreen.storyboard */,
				50C29CA52553A8DB00444079 /* HabitsStore.swift */,
				50C29C9D25539FD400444079 /* Info.plist */,
			);
			path = MyHabits;
			sourceTree = "<group>";
		};
/* End PBXGroup section */

/* Begin PBXNativeTarget section */
		50C29C8B25539FCF00444079 /* MyHabits */ = {
			isa = PBXNativeTarget;
			buildConfigurationList = 50C29CA025539FD400444079 /* Build configuration list for PBXNativeTarget "MyHabits" */;
			buildPhases = (
				50C29C8825539FCF00444079 /* Sources */,
				50C29C8925539FCF00444079 /* Frameworks */,
				50C29C8A25539FCF00444079 /* Resources */,
			);
			buildRules = (
			);
			dependencies = (
			);
			name = MyHabits;
			productName = MyHabits;
			productReference = 50C29C8C25539FCF00444079 /* MyHabits.app */;
			productType = "com.apple.product-type.application";
		};
/* End PBXNativeTarget section */

/* Begin PBXProject section */
		50C29C8425539FCF00444079 /* Project object */ = {
			isa = PBXProject;
			attributes = {
				LastSwiftUpdateCheck = 1160;
				LastUpgradeCheck = 1210;
				ORGANIZATIONNAME = "Alex Permiakov";
				TargetAttributes = {
					50C29C8B25539FCF00444079 = {
						CreatedOnToolsVersion = 11.6;
					};
				};
			};
			buildConfigurationList = 50C29C8725539FCF00444079 /* Build configuration list for PBXProject "MyHabits" */;
			compatibilityVersion = "Xcode 9.3";
			developmentRegion = en;
			hasScannedForEncodings = 0;
			knownRegions = (
				en,
				Base,
			);
			mainGroup = 50C29C8325539FCF00444079;
			productRefGroup = 50C29C8D25539FCF00444079 /* Products */;
			projectDirPath = "";
			projectRoot = "";
			targets = (
				50C29C8B25539FCF00444079 /* MyHabits */,
			);
		};
/* End PBXProject section */

/* Begin PBXResourcesBuildPhase section */
		50C29C8A25539FCF00444079 /* Resources */ = {
			isa = PBXResourcesBuildPhase;
			buildActionMask = 2147483647;
			files = (
				50C29C9C25539FD400444079 /* LaunchScreen.storyboard in Resources */,
				50C29C9925539FD400444079 /* Assets.xcassets in Resources */,
				50C29C9725539FCF00444079 /* Main.storyboard in Resources */,
			);
			runOnlyForDeploymentPostprocessing = 0;
		};
/* End PBXResourcesBuildPhase section */

/* Begin PBXSourcesBuildPhase section */
		50C29C8825539FCF00444079 /* Sources */ = {
			isa = PBXSourcesBuildPhase;
			buildActionMask = 2147483647;
			files = (
				50C29CA62553A8DB00444079 /* HabitsStore.swift in Sources */,
				505C4E2F256E392400AC4B1E /* Colors.swift in Sources */,
				50CB4DF82553D6530070DFE8 /* HabitViewController.swift in Sources */,
				50167C36256CB4FD0021713E /* HabitCollectionViewCell.swift in Sources */,
				50C29C9025539FCF00444079 /* AppDelegate.swift in Sources */,
				50CB4DF42553D2420070DFE8 /* HabitsViewController.swift in Sources */,
				50C29C9225539FCF00444079 /* SceneDelegate.swift in Sources */,
				50167C33256CB4E80021713E /* ProgressCollectionViewCell.swift in Sources */,
				505C4E2C256E04B100AC4B1E /* HabitDetailsViewController.swift in Sources */,
				50167C30256CB4710021713E /* ToAutoLayout.swift in Sources */,
			);
			runOnlyForDeploymentPostprocessing = 0;
		};
/* End PBXSourcesBuildPhase section */

/* Begin PBXVariantGroup section */
		50C29C9525539FCF00444079 /* Main.storyboard */ = {
			isa = PBXVariantGroup;
			children = (
				50C29C9625539FCF00444079 /* Base */,
			);
			name = Main.storyboard;
			sourceTree = "<group>";
		};
		50C29C9A25539FD400444079 /* LaunchScreen.storyboard */ = {
			isa = PBXVariantGroup;
			children = (
				50C29C9B25539FD400444079 /* Base */,
			);
			name = LaunchScreen.storyboard;
			sourceTree = "<group>";
		};
/* End PBXVariantGroup section */

/* Begin XCBuildConfiguration section */
		50C29C9E25539FD400444079 /* Debug */ = {
			isa = XCBuildConfiguration;
			buildSettings = {
				ALWAYS_SEARCH_USER_PATHS = NO;
				CLANG_ANALYZER_NONNULL = YES;
				CLANG_ANALYZER_NUMBER_OBJECT_CONVERSION = YES_AGGRESSIVE;
				CLANG_CXX_LANGUAGE_STANDARD = "gnu++14";
				CLANG_CXX_LIBRARY = "libc++";
				CLANG_ENABLE_MODULES = YES;
				CLANG_ENABLE_OBJC_ARC = YES;
				CLANG_ENABLE_OBJC_WEAK = YES;
				CLANG_WARN_BLOCK_CAPTURE_AUTORELEASING = YES;
				CLANG_WARN_BOOL_CONVERSION = YES;
				CLANG_WARN_COMMA = YES;
				CLANG_WARN_CONSTANT_CONVERSION = YES;
				CLANG_WARN_DEPRECATED_OBJC_IMPLEMENTATIONS = YES;
				CLANG_WARN_DIRECT_OBJC_ISA_USAGE = YES_ERROR;
				CLANG_WARN_DOCUMENTATION_COMMENTS = YES;
				CLANG_WARN_EMPTY_BODY = YES;
				CLANG_WARN_ENUM_CONVERSION = YES;
				CLANG_WARN_INFINITE_RECURSION = YES;
				CLANG_WARN_INT_CONVERSION = YES;
				CLANG_WARN_NON_LITERAL_NULL_CONVERSION = YES;
				CLANG_WARN_OBJC_IMPLICIT_RETAIN_SELF = YES;
				CLANG_WARN_OBJC_LITERAL_CONVERSION = YES;
				CLANG_WARN_OBJC_ROOT_CLASS = YES_ERROR;
				CLANG_WARN_QUOTED_INCLUDE_IN_FRAMEWORK_HEADER = YES;
				CLANG_WARN_RANGE_LOOP_ANALYSIS = YES;
				CLANG_WARN_STRICT_PROTOTYPES = YES;
				CLANG_WARN_SUSPICIOUS_MOVE = YES;
				CLANG_WARN_UNGUARDED_AVAILABILITY = YES_AGGRESSIVE;
				CLANG_WARN_UNREACHABLE_CODE = YES;
				CLANG_WARN__DUPLICATE_METHOD_MATCH = YES;
				COPY_PHASE_STRIP = NO;
				DEBUG_INFORMATION_FORMAT = dwarf;
				ENABLE_STRICT_OBJC_MSGSEND = YES;
				ENABLE_TESTABILITY = YES;
				GCC_C_LANGUAGE_STANDARD = gnu11;
				GCC_DYNAMIC_NO_PIC = NO;
				GCC_NO_COMMON_BLOCKS = YES;
				GCC_OPTIMIZATION_LEVEL = 0;
				GCC_PREPROCESSOR_DEFINITIONS = (
					"DEBUG=1",
					"$(inherited)",
				);
				GCC_WARN_64_TO_32_BIT_CONVERSION = YES;
				GCC_WARN_ABOUT_RETURN_TYPE = YES_ERROR;
				GCC_WARN_UNDECLARED_SELECTOR = YES;
				GCC_WARN_UNINITIALIZED_AUTOS = YES_AGGRESSIVE;
				GCC_WARN_UNUSED_FUNCTION = YES;
				GCC_WARN_UNUSED_VARIABLE = YES;
				IPHONEOS_DEPLOYMENT_TARGET = 14.0;
				MTL_ENABLE_DEBUG_INFO = INCLUDE_SOURCE;
				MTL_FAST_MATH = YES;
				ONLY_ACTIVE_ARCH = YES;
				SDKROOT = iphoneos;
				SWIFT_ACTIVE_COMPILATION_CONDITIONS = DEBUG;
				SWIFT_OPTIMIZATION_LEVEL = "-Onone";
			};
			name = Debug;
		};
		50C29C9F25539FD400444079 /* Release */ = {
			isa = XCBuildConfiguration;
			buildSettings = {
				ALWAYS_SEARCH_USER_PATHS = NO;
				CLANG_ANALYZER_NONNULL = YES;
				CLANG_ANALYZER_NUMBER_OBJECT_CONVERSION = YES_AGGRESSIVE;
				CLANG_CXX_LANGUAGE_STANDARD = "gnu++14";
				CLANG_CXX_LIBRARY = "libc++";
				CLANG_ENABLE_MODULES = YES;
				CLANG_ENABLE_OBJC_ARC = YES;
				CLANG_ENABLE_OBJC_WEAK = YES;
				CLANG_WARN_BLOCK_CAPTURE_AUTORELEASING = YES;
				CLANG_WARN_BOOL_CONVERSION = YES;
				CLANG_WARN_COMMA = YES;
				CLANG_WARN_CONSTANT_CONVERSION = YES;
				CLANG_WARN_DEPRECATED_OBJC_IMPLEMENTATIONS = YES;
				CLANG_WARN_DIRECT_OBJC_ISA_USAGE = YES_ERROR;
				CLANG_WARN_DOCUMENTATION_COMMENTS = YES;
				CLANG_WARN_EMPTY_BODY = YES;
				CLANG_WARN_ENUM_CONVERSION = YES;
				CLANG_WARN_INFINITE_RECURSION = YES;
				CLANG_WARN_INT_CONVERSION = YES;
				CLANG_WARN_NON_LITERAL_NULL_CONVERSION = YES;
				CLANG_WARN_OBJC_IMPLICIT_RETAIN_SELF = YES;
				CLANG_WARN_OBJC_LITERAL_CONVERSION = YES;
				CLANG_WARN_OBJC_ROOT_CLASS = YES_ERROR;
				CLANG_WARN_QUOTED_INCLUDE_IN_FRAMEWORK_HEADER = YES;
				CLANG_WARN_RANGE_LOOP_ANALYSIS = YES;
				CLANG_WARN_STRICT_PROTOTYPES = YES;
				CLANG_WARN_SUSPICIOUS_MOVE = YES;
				CLANG_WARN_UNGUARDED_AVAILABILITY = YES_AGGRESSIVE;
				CLANG_WARN_UNREACHABLE_CODE = YES;
				CLANG_WARN__DUPLICATE_METHOD_MATCH = YES;
				COPY_PHASE_STRIP = NO;
				DEBUG_INFORMATION_FORMAT = "dwarf-with-dsym";
				ENABLE_NS_ASSERTIONS = NO;
				ENABLE_STRICT_OBJC_MSGSEND = YES;
				GCC_C_LANGUAGE_STANDARD = gnu11;
				GCC_NO_COMMON_BLOCKS = YES;
				GCC_WARN_64_TO_32_BIT_CONVERSION = YES;
				GCC_WARN_ABOUT_RETURN_TYPE = YES_ERROR;
				GCC_WARN_UNDECLARED_SELECTOR = YES;
				GCC_WARN_UNINITIALIZED_AUTOS = YES_AGGRESSIVE;
				GCC_WARN_UNUSED_FUNCTION = YES;
				GCC_WARN_UNUSED_VARIABLE = YES;
				IPHONEOS_DEPLOYMENT_TARGET = 14.0;
				MTL_ENABLE_DEBUG_INFO = NO;
				MTL_FAST_MATH = YES;
				SDKROOT = iphoneos;
				SWIFT_COMPILATION_MODE = wholemodule;
				SWIFT_OPTIMIZATION_LEVEL = "-O";
				VALIDATE_PRODUCT = YES;
			};
			name = Release;
		};
		50C29CA125539FD400444079 /* Debug */ = {
			isa = XCBuildConfiguration;
			buildSettings = {
				ASSETCATALOG_COMPILER_APPICON_NAME = AppIcon;
				CODE_SIGN_STYLE = Automatic;
				DEVELOPMENT_TEAM = 3P9KGAPYFK;
				INFOPLIST_FILE = MyHabits/Info.plist;
				LD_RUNPATH_SEARCH_PATHS = (
					"$(inherited)",
					"@executable_path/Frameworks",
				);
				PRODUCT_BUNDLE_IDENTIFIER = com.alextddc.MyHabits;
				PRODUCT_NAME = "$(TARGET_NAME)";
				SWIFT_VERSION = 5.0;
				TARGETED_DEVICE_FAMILY = "1,2";
			};
			name = Debug;
		};
		50C29CA225539FD400444079 /* Release */ = {
			isa = XCBuildConfiguration;
			buildSettings = {
				ASSETCATALOG_COMPILER_APPICON_NAME = AppIcon;
				CODE_SIGN_STYLE = Automatic;
				DEVELOPMENT_TEAM = 3P9KGAPYFK;
				INFOPLIST_FILE = MyHabits/Info.plist;
				LD_RUNPATH_SEARCH_PATHS = (
					"$(inherited)",
					"@executable_path/Frameworks",
				);
				PRODUCT_BUNDLE_IDENTIFIER = com.alextddc.MyHabits;
				PRODUCT_NAME = "$(TARGET_NAME)";
				SWIFT_VERSION = 5.0;
				TARGETED_DEVICE_FAMILY = "1,2";
			};
			name = Release;
		};
/* End XCBuildConfiguration section */

/* Begin XCConfigurationList section */
		50C29C8725539FCF00444079 /* Build configuration list for PBXProject "MyHabits" */ = {
			isa = XCConfigurationList;
			buildConfigurations = (
				50C29C9E25539FD400444079 /* Debug */,
				50C29C9F25539FD400444079 /* Release */,
			);
			defaultConfigurationIsVisible = 0;
			defaultConfigurationName = Release;
		};
		50C29CA025539FD400444079 /* Build configuration list for PBXNativeTarget "MyHabits" */ = {
			isa = XCConfigurationList;
			buildConfigurations = (
				50C29CA125539FD400444079 /* Debug */,
				50C29CA225539FD400444079 /* Release */,
			);
			defaultConfigurationIsVisible = 0;
			defaultConfigurationName = Release;
		};
/* End XCConfigurationList section */
	};
	rootObject = 50C29C8425539FCF00444079 /* Project object */;
}
